<?xml version="1.0" encoding="utf-8"?>
<Project ToolsVersion="4.0" xmlns="http://schemas.microsoft.com/developer/msbuild/2003">
  <ItemGroup>
    <ClCompile Include="$(MSBuildThisFileDirectory)pch.cpp" />
    <ClCompile Include="$(MSBuildThisFileDirectory)SharedData.cpp">
      <Filter>XMLParsing</Filter>
    </ClCompile>
    <ClCompile Include="$(MSBuildThisFileDirectory)SharedDataTable.cpp">
      <Filter>XMLParsing</Filter>
    </ClCompile>
    <ClCompile Include="$(MSBuildThisFileDirectory)XMLParseMaster.cpp">
      <Filter>XMLParsing</Filter>
    </ClCompile>
    <ClCompile Include="$(MSBuildThisFileDirectory)Datum.cpp">
      <Filter>Data</Filter>
    </ClCompile>
    <ClCompile Include="$(MSBuildThisFileDirectory)Scope.cpp">
      <Filter>Data</Filter>
    </ClCompile>
    <ClCompile Include="$(MSBuildThisFileDirectory)Attributed.cpp">
      <Filter>Data</Filter>
    </ClCompile>
    <ClCompile Include="$(MSBuildThisFileDirectory)XMLParseHelperFloat.cpp">
      <Filter>XMLParseHelpers</Filter>
    </ClCompile>
    <ClCompile Include="$(MSBuildThisFileDirectory)XMLParseHelperInteger.cpp">
      <Filter>XMLParseHelpers</Filter>
    </ClCompile>
    <ClCompile Include="$(MSBuildThisFileDirectory)XMLParseHelperTable.cpp">
      <Filter>XMLParseHelpers</Filter>
    </ClCompile>
    <ClCompile Include="$(MSBuildThisFileDirectory)XMLParseHelperVector.cpp">
      <Filter>XMLParseHelpers</Filter>
    </ClCompile>
    <ClCompile Include="$(MSBuildThisFileDirectory)XMLParseHelperMatrix.cpp">
      <Filter>XMLParseHelpers</Filter>
    </ClCompile>
    <ClCompile Include="$(MSBuildThisFileDirectory)XMLParseHelperString.cpp">
      <Filter>XMLParseHelpers</Filter>
    </ClCompile>
    <ClCompile Include="$(MSBuildThisFileDirectory)IXMLParseHelper.cpp">
      <Filter>XMLParseHelpers</Filter>
    </ClCompile>
    <ClCompile Include="$(MSBuildThisFileDirectory)XMLParseHelperWorld.cpp">
      <Filter>XMLParseHelpers</Filter>
    </ClCompile>
    <ClCompile Include="$(MSBuildThisFileDirectory)WorldState.cpp">
      <Filter>World</Filter>
    </ClCompile>
    <ClCompile Include="$(MSBuildThisFileDirectory)World.cpp">
      <Filter>World</Filter>
    </ClCompile>
    <ClCompile Include="$(MSBuildThisFileDirectory)Sector.cpp">
      <Filter>World</Filter>
    </ClCompile>
    <ClCompile Include="$(MSBuildThisFileDirectory)GameTime.cpp">
      <Filter>World</Filter>
    </ClCompile>
    <ClCompile Include="$(MSBuildThisFileDirectory)GameClock.cpp">
      <Filter>World</Filter>
    </ClCompile>
    <ClCompile Include="$(MSBuildThisFileDirectory)Entity.cpp">
      <Filter>World</Filter>
    </ClCompile>
    <ClCompile Include="$(MSBuildThisFileDirectory)ActionList.cpp">
      <Filter>World\Actions</Filter>
    </ClCompile>
    <ClCompile Include="$(MSBuildThisFileDirectory)Action.cpp">
      <Filter>World\Actions</Filter>
    </ClCompile>
    <ClCompile Include="$(MSBuildThisFileDirectory)ActionCreateAction.cpp">
      <Filter>World\Actions</Filter>
    </ClCompile>
    <ClCompile Include="$(MSBuildThisFileDirectory)ActionDestroyAction.cpp">
      <Filter>World\Actions</Filter>
    </ClCompile>
    <ClCompile Include="$(MSBuildThisFileDirectory)ActionIf.cpp">
      <Filter>World\Actions</Filter>
    </ClCompile>
    <ClCompile Include="$(MSBuildThisFileDirectory)XMLParseHelperIf.cpp">
      <Filter>XMLParseHelpers</Filter>
    </ClCompile>
    <ClCompile Include="$(MSBuildThisFileDirectory)EventPublisher.cpp">
      <Filter>World\Events</Filter>
    </ClCompile>
    <ClCompile Include="$(MSBuildThisFileDirectory)EventQueue.cpp">
      <Filter>World\Events</Filter>
    </ClCompile>
    <ClCompile Include="$(MSBuildThisFileDirectory)Reaction.cpp" />
    <ClCompile Include="$(MSBuildThisFileDirectory)ReactionAttributed.cpp" />
    <ClCompile Include="$(MSBuildThisFileDirectory)ActionEvent.cpp" />
    <ClCompile Include="$(MSBuildThisFileDirectory)EventMessage.cpp" />
  </ItemGroup>
  <ItemGroup>
    <ClInclude Include="$(MSBuildThisFileDirectory)pch.h" />
    <ClInclude Include="$(MSBuildThisFileDirectory)RTTI.h" />
    <ClInclude Include="$(MSBuildThisFileDirectory)Hashmap.h">
      <Filter>Containers</Filter>
    </ClInclude>
    <ClInclude Include="$(MSBuildThisFileDirectory)SList.h">
      <Filter>Containers</Filter>
    </ClInclude>
    <ClInclude Include="$(MSBuildThisFileDirectory)Vector.h">
      <Filter>Containers</Filter>
    </ClInclude>
    <ClInclude Include="$(MSBuildThisFileDirectory)DefaultHash.h">
      <Filter>Containers</Filter>
    </ClInclude>
    <ClInclude Include="$(MSBuildThisFileDirectory)SharedData.h">
      <Filter>XMLParsing</Filter>
    </ClInclude>
    <ClInclude Include="$(MSBuildThisFileDirectory)SharedDataTable.h">
      <Filter>XMLParsing</Filter>
    </ClInclude>
    <ClInclude Include="$(MSBuildThisFileDirectory)XMLParseMaster.h">
      <Filter>XMLParsing</Filter>
    </ClInclude>
    <ClInclude Include="$(MSBuildThisFileDirectory)Datum.h">
      <Filter>Data</Filter>
    </ClInclude>
    <ClInclude Include="$(MSBuildThisFileDirectory)Scope.h">
      <Filter>Data</Filter>
    </ClInclude>
    <ClInclude Include="$(MSBuildThisFileDirectory)Attributed.h">
      <Filter>Data</Filter>
    </ClInclude>
    <ClInclude Include="$(MSBuildThisFileDirectory)XMLParseHelperFloat.h">
      <Filter>XMLParseHelpers</Filter>
    </ClInclude>
    <ClInclude Include="$(MSBuildThisFileDirectory)XMLParseHelperInteger.h">
      <Filter>XMLParseHelpers</Filter>
    </ClInclude>
    <ClInclude Include="$(MSBuildThisFileDirectory)XMLParseHelperTable.h">
      <Filter>XMLParseHelpers</Filter>
    </ClInclude>
    <ClInclude Include="$(MSBuildThisFileDirectory)XMLParseHelperVector.h">
      <Filter>XMLParseHelpers</Filter>
    </ClInclude>
    <ClInclude Include="$(MSBuildThisFileDirectory)XMLParseHelperMatrix.h">
      <Filter>XMLParseHelpers</Filter>
    </ClInclude>
    <ClInclude Include="$(MSBuildThisFileDirectory)XMLParseHelperString.h">
      <Filter>XMLParseHelpers</Filter>
    </ClInclude>
    <ClInclude Include="$(MSBuildThisFileDirectory)IXMLParseHelper.h">
      <Filter>XMLParseHelpers</Filter>
    </ClInclude>
    <ClInclude Include="$(MSBuildThisFileDirectory)Factory.h" />
    <ClInclude Include="$(MSBuildThisFileDirectory)XMLParseHelperWorld.h">
      <Filter>XMLParseHelpers</Filter>
    </ClInclude>
    <ClInclude Include="$(MSBuildThisFileDirectory)WorldState.h">
      <Filter>World</Filter>
    </ClInclude>
    <ClInclude Include="$(MSBuildThisFileDirectory)World.h">
      <Filter>World</Filter>
    </ClInclude>
    <ClInclude Include="$(MSBuildThisFileDirectory)Sector.h">
      <Filter>World</Filter>
    </ClInclude>
    <ClInclude Include="$(MSBuildThisFileDirectory)GameTime.h">
      <Filter>World</Filter>
    </ClInclude>
    <ClInclude Include="$(MSBuildThisFileDirectory)GameClock.h">
      <Filter>World</Filter>
    </ClInclude>
    <ClInclude Include="$(MSBuildThisFileDirectory)Entity.h">
      <Filter>World</Filter>
    </ClInclude>
    <ClInclude Include="$(MSBuildThisFileDirectory)ActionList.h">
      <Filter>World\Actions</Filter>
    </ClInclude>
    <ClInclude Include="$(MSBuildThisFileDirectory)Action.h">
      <Filter>World\Actions</Filter>
    </ClInclude>
    <ClInclude Include="$(MSBuildThisFileDirectory)ActionCreateAction.h">
      <Filter>World\Actions</Filter>
    </ClInclude>
    <ClInclude Include="$(MSBuildThisFileDirectory)ActionDestroyAction.h">
      <Filter>World\Actions</Filter>
    </ClInclude>
    <ClInclude Include="$(MSBuildThisFileDirectory)ActionIf.h">
      <Filter>World\Actions</Filter>
    </ClInclude>
    <ClInclude Include="$(MSBuildThisFileDirectory)XMLParseHelperIf.h">
      <Filter>XMLParseHelpers</Filter>
    </ClInclude>
    <ClInclude Include="$(MSBuildThisFileDirectory)Reaction.h" />
    <ClInclude Include="$(MSBuildThisFileDirectory)Event.h">
      <Filter>World\Events</Filter>
    </ClInclude>
    <ClInclude Include="$(MSBuildThisFileDirectory)EventPublisher.h">
      <Filter>World\Events</Filter>
    </ClInclude>
    <ClInclude Include="$(MSBuildThisFileDirectory)EventQueue.h">
      <Filter>World\Events</Filter>
    </ClInclude>
    <ClInclude Include="$(MSBuildThisFileDirectory)EventSubscriber.h">
      <Filter>World\Events</Filter>
    </ClInclude>
    <ClInclude Include="$(MSBuildThisFileDirectory)ReactionAttributed.h" />
    <ClInclude Include="$(MSBuildThisFileDirectory)ActionEvent.h" />
    <ClInclude Include="$(MSBuildThisFileDirectory)EventMessage.h" />
  </ItemGroup>
  <ItemGroup>
    <None Include="$(MSBuildThisFileDirectory)Hashmap.inl">
      <Filter>Containers</Filter>
    </None>
    <None Include="$(MSBuildThisFileDirectory)SList.inl">
      <Filter>Containers</Filter>
    </None>
    <None Include="$(MSBuildThisFileDirectory)Vector.inl">
      <Filter>Containers</Filter>
    </None>
    <None Include="$(MSBuildThisFileDirectory)Factory.inl" />
    <None Include="$(MSBuildThisFileDirectory)Event.inl">
      <Filter>World\Events</Filter>
    </None>
  </ItemGroup>
  <ItemGroup>
    <Filter Include="Containers">
      <UniqueIdentifier>{ee63722d-1466-45f9-940c-28a7a424bb7a}</UniqueIdentifier>
    </Filter>
    <Filter Include="XMLParsing">
      <UniqueIdentifier>{01f35f60-7967-4d4f-b5f2-fa7c60aa7b1a}</UniqueIdentifier>
    </Filter>
    <Filter Include="Data">
      <UniqueIdentifier>{31e5d1df-a86a-4b07-9b57-d6b4267684f3}</UniqueIdentifier>
    </Filter>
    <Filter Include="XMLParseHelpers">
      <UniqueIdentifier>{8ddd3773-a616-4f65-8549-575a2c09f887}</UniqueIdentifier>
    </Filter>
    <Filter Include="World">
      <UniqueIdentifier>{f7fff525-a299-4c5f-81ab-07ec93b51406}</UniqueIdentifier>
    </Filter>
    <Filter Include="World\Actions">
      <UniqueIdentifier>{dbcf03dc-c133-4152-975b-4fba61479342}</UniqueIdentifier>
    </Filter>
    <Filter Include="World\Events">
      <UniqueIdentifier>{ee78d807-78b8-49a0-9c7e-57cf106454f5}</UniqueIdentifier>
    </Filter>
  </ItemGroup>
</Project>